
Microsoft Visual Studio Solution File, Format Version 12.00
# Visual Studio Version 16
VisualStudioVersion = 16.0.30717.126
MinimumVisualStudioVersion = 10.0.40219.1
Project("{FAE04EC0-301F-11D3-BF4B-00C04F79EFBC}") = "Statfile", "Statfile\Statfile.csproj", "{FBF70BEA-30A7-4E29-A0DE-987866DBF44F}"
EndProject
Global
	GlobalSection(SolutionConfigurationPlatforms) = preSolution
		Debug|Any CPU = Debug|Any CPU
		Release|Any CPU = Release|Any CPU
	EndGlobalSection
	GlobalSection(ProjectConfigurationPlatforms) = postSolution
		{FBF70BEA-30A7-4E29-A0DE-987866DBF44F}.Debug|Any CPU.ActiveCfg = Debug|Any CPU
		{FBF70BEA-30A7-4E29-A0DE-987866DBF44F}.Debug|Any CPU.Build.0 = Debug|Any CPU
		{FBF70BEA-30A7-4E29-A0DE-987866DBF44F}.Release|Any CPU.ActiveCfg = Release|Any CPU
		{FBF70BEA-30A7-4E29-A0DE-987866DBF44F}.Release|Any CPU.Build.0 = Release|Any CPU
	EndGlobalSection
	GlobalSection(SolutionProperties) = preSolution
		HideSolutionNode = FALSE
	EndGlobalSection
	GlobalSection(ExtensibilityGlobals) = postSolution
		SolutionGuid = {2A19DCBC-E02B-45F5-A896-C94A822694EF}
	EndGlobalSection
EndGlobal
